
Microsoft Visual Studio Solution File, Format Version 12.00
# Visual Studio Version 17
VisualStudioVersion = 17.8.34330.188
MinimumVisualStudioVersion = 10.0.40219.1
Project("{FAE04EC0-301F-11D3-BF4B-00C04F79EFBC}") = "TapHoaThanhPhu", "TapHoaThanhPhu\TapHoaThanhPhu.csproj", "{6FA78AD2-29E5-4E90-876F-82DBC8A66004}"
EndProject
Global
	GlobalSection(SolutionConfigurationPlatforms) = preSolution
		Debug|Any CPU = Debug|Any CPU
		Release|Any CPU = Release|Any CPU
	EndGlobalSection
	GlobalSection(ProjectConfigurationPlatforms) = postSolution
		{6FA78AD2-29E5-4E90-876F-82DBC8A66004}.Debug|Any CPU.ActiveCfg = Debug|Any CPU
		{6FA78AD2-29E5-4E90-876F-82DBC8A66004}.Debug|Any CPU.Build.0 = Debug|Any CPU
		{6FA78AD2-29E5-4E90-876F-82DBC8A66004}.Release|Any CPU.ActiveCfg = Release|Any CPU
		{6FA78AD2-29E5-4E90-876F-82DBC8A66004}.Release|Any CPU.Build.0 = Release|Any CPU
	EndGlobalSection
	GlobalSection(SolutionProperties) = preSolution
		HideSolutionNode = FALSE
	EndGlobalSection
	GlobalSection(ExtensibilityGlobals) = postSolution
		SolutionGuid = {A898AFCE-D3FB-4026-BE25-A3A94DA1F686}
	EndGlobalSection
EndGlobal
